
Microsoft Visual Studio Solution File, Format Version 12.00
# Visual Studio Version 17
VisualStudioVersion = 17.4.33213.308
MinimumVisualStudioVersion = 10.0.40219.1
Project("{FAE04EC0-301F-11D3-BF4B-00C04F79EFBC}") = "cronometro", "cronometro\cronometro.csproj", "{D041532F-DAD7-4E62-AA50-1B302C7DD6E5}"
EndProject
Global
	GlobalSection(SolutionConfigurationPlatforms) = preSolution
		Debug|Any CPU = Debug|Any CPU
		Release|Any CPU = Release|Any CPU
	EndGlobalSection
	GlobalSection(ProjectConfigurationPlatforms) = postSolution
		{D041532F-DAD7-4E62-AA50-1B302C7DD6E5}.Debug|Any CPU.ActiveCfg = Debug|Any CPU
		{D041532F-DAD7-4E62-AA50-1B302C7DD6E5}.Debug|Any CPU.Build.0 = Debug|Any CPU
		{D041532F-DAD7-4E62-AA50-1B302C7DD6E5}.Release|Any CPU.ActiveCfg = Release|Any CPU
		{D041532F-DAD7-4E62-AA50-1B302C7DD6E5}.Release|Any CPU.Build.0 = Release|Any CPU
	EndGlobalSection
	GlobalSection(SolutionProperties) = preSolution
		HideSolutionNode = FALSE
	EndGlobalSection
	GlobalSection(ExtensibilityGlobals) = postSolution
		SolutionGuid = {CA85D91E-87CE-4B1D-8F97-DAD81BDC5FCB}
	EndGlobalSection
EndGlobal
